{
  "pins" : [
    {
      "identity" : "aexml",
      "kind" : "remoteSourceControl",
      "location" : "https://github.com/tadija/AEXML.git",
      "state" : {
        "revision" : "db806756c989760b35108146381535aec231092b",
        "version" : "4.7.0"
      }
    },
    {
      "identity" : "bitbytedata",
      "kind" : "remoteSourceControl",
      "location" : "https://github.com/tsolomko/BitByteData",
      "state" : {
        "revision" : "36df26fe4586b4f23d76cfd8b47076998343a2b2",
        "version" : "2.0.3"
      }
    },
    {
      "identity" : "folioreaderkit",
      "kind" : "remoteSourceControl",
      "location" : "https://github.com/alexeyismirnov/FolioReaderKit",
      "state" : {
        "branch" : "main",
        "revision" : "94ec96802c284b59efac86e8ed40c4aea048c733"
      }
    },
    {
      "identity" : "fontblaster",
      "kind" : "remoteSourceControl",
      "location" : "https://github.com/ArtSabintsev/FontBlaster.git",
      "state" : {
        "revision" : "09fffe9cf20293fce81ce7154b46f8e60291baa8",
        "version" : "5.3.0"
      }
    },
    {
      "identity" : "menuitemkit",
      "kind" : "remoteSourceControl",
      "location" : "https://github.com/cxa/MenuItemKit.git",
      "state" : {
        "revision" : "f9c40c444b0e2fc952cd3c8c6f4b0d30181dcb10",
        "version" : "4.0.1"
      }
    },
    {
      "identity" : "realm-cocoa",
      "kind" : "remoteSourceControl",
      "location" : "https://github.com/realm/realm-cocoa.git",
      "state" : {
        "revision" : "eafdd3720a8cc750bdd38bf776082d2c8cf743fc",
        "version" : "10.46.0"
      }
    },
    {
      "identity" : "realm-core",
      "kind" : "remoteSourceControl",
      "location" : "https://github.com/realm/realm-core.git",
      "state" : {
        "revision" : "a5e87a39cffdcc591f3203c11cfca68100d0b9a6",
        "version" : "13.26.0"
      }
    },
    {
      "identity" : "sqlite.swift",
      "kind" : "remoteSourceControl",
      "location" : "https://github.com/stephencelis/SQLite.swift",
      "state" : {
        "revision" : "7a2e3cd27de56f6d396e84f63beefd0267b55ccb",
        "version" : "0.14.1"
      }
    },
    {
      "identity" : "swcompression",
      "kind" : "remoteSourceControl",
      "location" : "https://github.com/tsolomko/SWCompression.git",
      "state" : {
        "revision" : "cd39ca0a3b269173bab06f68b182b72fa690765c",
        "version" : "4.8.5"
      }
    },
    {
      "identity" : "ziparchive",
      "kind" : "remoteSourceControl",
      "location" : "https://github.com/ZipArchive/ZipArchive.git",
      "state" : {
        "revision" : "23dc1a69b240420528de86a8720e85fb178b24da",
        "version" : "2.4.1"
      }
    }
  ],
  "version" : 2
}
